
Microsoft Visual Studio Solution File, Format Version 12.00
# Visual Studio Version 16
VisualStudioVersion = 16.0.30804.86
MinimumVisualStudioVersion = 10.0.40219.1
Project("{FAE04EC0-301F-11D3-BF4B-00C04F79EFBC}") = "webAPI", "webAPI\webAPI.csproj", "{D0E83E36-4A7D-4380-8EBD-EF1EAF471959}"
EndProject
Global
	GlobalSection(SolutionConfigurationPlatforms) = preSolution
		Debug|Any CPU = Debug|Any CPU
		Release|Any CPU = Release|Any CPU
	EndGlobalSection
	GlobalSection(ProjectConfigurationPlatforms) = postSolution
		{D0E83E36-4A7D-4380-8EBD-EF1EAF471959}.Debug|Any CPU.ActiveCfg = Debug|Any CPU
		{D0E83E36-4A7D-4380-8EBD-EF1EAF471959}.Debug|Any CPU.Build.0 = Debug|Any CPU
		{D0E83E36-4A7D-4380-8EBD-EF1EAF471959}.Release|Any CPU.ActiveCfg = Release|Any CPU
		{D0E83E36-4A7D-4380-8EBD-EF1EAF471959}.Release|Any CPU.Build.0 = Release|Any CPU
	EndGlobalSection
	GlobalSection(SolutionProperties) = preSolution
		HideSolutionNode = FALSE
	EndGlobalSection
	GlobalSection(ExtensibilityGlobals) = postSolution
		SolutionGuid = {EF032062-5717-4960-AE4B-B9768F248D88}
	EndGlobalSection
EndGlobal
